
Microsoft Visual Studio Solution File, Format Version 12.00
# Visual Studio Version 17
VisualStudioVersion = 17.3.32929.385
MinimumVisualStudioVersion = 10.0.40219.1
Project("{9A19103F-16F7-4668-BE54-9A1E7A4F7556}") = "EncosyTower.Modules.SourceGen.Tests", "EncosyTower.Modules.SourceGen.Tests\EncosyTower.Modules.SourceGen.Tests.csproj", "{ED14928F-7A07-4BE5-B5AC-0E802BE8BC4F}"
EndProject
Project("{9A19103F-16F7-4668-BE54-9A1E7A4F7556}") = "EncosyTower.Modules.SourceGen", "EncosyTower.Modules.SourceGen\EncosyTower.Modules.SourceGen.csproj", "{D8A1B64B-1D8C-4F83-A963-C8B723FC9C8E}"
EndProject
Global
	GlobalSection(SolutionConfigurationPlatforms) = preSolution
		Debug|Any CPU = Debug|Any CPU
		Release|Any CPU = Release|Any CPU
	EndGlobalSection
	GlobalSection(ProjectConfigurationPlatforms) = postSolution
		{ED14928F-7A07-4BE5-B5AC-0E802BE8BC4F}.Debug|Any CPU.ActiveCfg = Debug|Any CPU
		{ED14928F-7A07-4BE5-B5AC-0E802BE8BC4F}.Debug|Any CPU.Build.0 = Debug|Any CPU
		{ED14928F-7A07-4BE5-B5AC-0E802BE8BC4F}.Release|Any CPU.ActiveCfg = Release|Any CPU
		{ED14928F-7A07-4BE5-B5AC-0E802BE8BC4F}.Release|Any CPU.Build.0 = Release|Any CPU
		{D8A1B64B-1D8C-4F83-A963-C8B723FC9C8E}.Debug|Any CPU.ActiveCfg = Debug|Any CPU
		{D8A1B64B-1D8C-4F83-A963-C8B723FC9C8E}.Debug|Any CPU.Build.0 = Debug|Any CPU
		{D8A1B64B-1D8C-4F83-A963-C8B723FC9C8E}.Release|Any CPU.ActiveCfg = Release|Any CPU
		{D8A1B64B-1D8C-4F83-A963-C8B723FC9C8E}.Release|Any CPU.Build.0 = Release|Any CPU
	EndGlobalSection
	GlobalSection(SolutionProperties) = preSolution
		HideSolutionNode = FALSE
	EndGlobalSection
	GlobalSection(ExtensibilityGlobals) = postSolution
		SolutionGuid = {CFA2109C-B4A7-475D-ACCE-454C0464A305}
	EndGlobalSection
EndGlobal
